
Microsoft Visual Studio Solution File, Format Version 12.00
# Visual Studio 15
VisualStudioVersion = 15.0.28307.136
MinimumVisualStudioVersion = 10.0.40219.1
Project("{F184B08F-C81C-45F6-A57F-5ABD9991F28F}") = "GroupingPayments", "GroupingPayments\GroupingPayments.vbproj", "{70F6A2FB-00FE-4A58-AA6B-661D4B2785A0}"
EndProject
Global
	GlobalSection(SolutionConfigurationPlatforms) = preSolution
		Debug|Any CPU = Debug|Any CPU
		Release|Any CPU = Release|Any CPU
	EndGlobalSection
	GlobalSection(ProjectConfigurationPlatforms) = postSolution
		{70F6A2FB-00FE-4A58-AA6B-661D4B2785A0}.Debug|Any CPU.ActiveCfg = Debug|Any CPU
		{70F6A2FB-00FE-4A58-AA6B-661D4B2785A0}.Debug|Any CPU.Build.0 = Debug|Any CPU
		{70F6A2FB-00FE-4A58-AA6B-661D4B2785A0}.Release|Any CPU.ActiveCfg = Release|Any CPU
		{70F6A2FB-00FE-4A58-AA6B-661D4B2785A0}.Release|Any CPU.Build.0 = Release|Any CPU
	EndGlobalSection
	GlobalSection(SolutionProperties) = preSolution
		HideSolutionNode = FALSE
	EndGlobalSection
	GlobalSection(ExtensibilityGlobals) = postSolution
		SolutionGuid = {0F87686B-8EC6-4B01-833C-DAC38E11E317}
	EndGlobalSection
EndGlobal
