
Microsoft Visual Studio Solution File, Format Version 12.00
# Visual Studio 15
VisualStudioVersion = 15.0.28307.136
MinimumVisualStudioVersion = 10.0.40219.1
Project("{F184B08F-C81C-45F6-A57F-5ABD9991F28F}") = "SalesStaffSalaries", "SalesStaffSalaries\SalesStaffSalaries.vbproj", "{EB555E85-C87B-4B88-9136-1E034768EF61}"
EndProject
Global
	GlobalSection(SolutionConfigurationPlatforms) = preSolution
		Debug|Any CPU = Debug|Any CPU
		Release|Any CPU = Release|Any CPU
	EndGlobalSection
	GlobalSection(ProjectConfigurationPlatforms) = postSolution
		{EB555E85-C87B-4B88-9136-1E034768EF61}.Debug|Any CPU.ActiveCfg = Debug|Any CPU
		{EB555E85-C87B-4B88-9136-1E034768EF61}.Debug|Any CPU.Build.0 = Debug|Any CPU
		{EB555E85-C87B-4B88-9136-1E034768EF61}.Release|Any CPU.ActiveCfg = Release|Any CPU
		{EB555E85-C87B-4B88-9136-1E034768EF61}.Release|Any CPU.Build.0 = Release|Any CPU
	EndGlobalSection
	GlobalSection(SolutionProperties) = preSolution
		HideSolutionNode = FALSE
	EndGlobalSection
	GlobalSection(ExtensibilityGlobals) = postSolution
		SolutionGuid = {CF4B77B3-8CCA-48B0-8B60-F48EEDC6214B}
	EndGlobalSection
EndGlobal
